
Microsoft Visual Studio Solution File, Format Version 12.00
# Visual Studio Version 16
VisualStudioVersion = 16.0.31129.286
MinimumVisualStudioVersion = 10.0.40219.1
Project("{FAE04EC0-301F-11D3-BF4B-00C04F79EFBC}") = "MaskifyConsole", "MaskifyConsole\MaskifyConsole.csproj", "{FAA41354-6778-41B7-BEDC-DFDE4C067FD7}"
EndProject
Project("{FAE04EC0-301F-11D3-BF4B-00C04F79EFBC}") = "MaskifyTest", "MaskifyTest\MaskifyTest.csproj", "{B1A707DB-466C-4788-9805-DA3DCE426314}"
EndProject
Global
	GlobalSection(SolutionConfigurationPlatforms) = preSolution
		Debug|Any CPU = Debug|Any CPU
		Release|Any CPU = Release|Any CPU
	EndGlobalSection
	GlobalSection(ProjectConfigurationPlatforms) = postSolution
		{FAA41354-6778-41B7-BEDC-DFDE4C067FD7}.Debug|Any CPU.ActiveCfg = Debug|Any CPU
		{FAA41354-6778-41B7-BEDC-DFDE4C067FD7}.Debug|Any CPU.Build.0 = Debug|Any CPU
		{FAA41354-6778-41B7-BEDC-DFDE4C067FD7}.Release|Any CPU.ActiveCfg = Release|Any CPU
		{FAA41354-6778-41B7-BEDC-DFDE4C067FD7}.Release|Any CPU.Build.0 = Release|Any CPU
		{B1A707DB-466C-4788-9805-DA3DCE426314}.Debug|Any CPU.ActiveCfg = Debug|Any CPU
		{B1A707DB-466C-4788-9805-DA3DCE426314}.Debug|Any CPU.Build.0 = Debug|Any CPU
		{B1A707DB-466C-4788-9805-DA3DCE426314}.Release|Any CPU.ActiveCfg = Release|Any CPU
		{B1A707DB-466C-4788-9805-DA3DCE426314}.Release|Any CPU.Build.0 = Release|Any CPU
	EndGlobalSection
	GlobalSection(SolutionProperties) = preSolution
		HideSolutionNode = FALSE
	EndGlobalSection
	GlobalSection(ExtensibilityGlobals) = postSolution
		SolutionGuid = {C373EAFD-1E66-47E4-A915-989A4CE2E1D6}
	EndGlobalSection
EndGlobal
